<?xml version="1.0" encoding="utf-8"?>
<Project ToolsVersion="4.0" xmlns="http://schemas.microsoft.com/developer/msbuild/2003">
  <ItemGroup>
    <Filter Include="Source Files">
      <UniqueIdentifier>{4FC737F1-C7A5-4376-A066-2A32D752A2FF}</UniqueIdentifier>
      <Extensions>cpp;c;cc;cxx;def;odl;idl;hpj;bat;asm;asmx</Extensions>
    </Filter>
    <Filter Include="Source Files\gl">
      <UniqueIdentifier>{f563c174-3f4a-44bf-af69-8ea474454529}</UniqueIdentifier>
    </Filter>
    <Filter Include="Header Files">
      <UniqueIdentifier>{93995380-89BD-4b04-88EB-625FBE52EBFB}</UniqueIdentifier>
      <Extensions>h;hpp;hxx;hm;inl;inc;xsd</Extensions>
    </Filter>
    <Filter Include="Header Files\gl">
      <UniqueIdentifier>{840e5c51-0f98-4540-99ff-08bccce8e6c7}</UniqueIdentifier>
    </Filter>
    <Filter Include="Header Files\math">
      <UniqueIdentifier>{f8d72f05-131a-4eda-bcc9-30ab91fb7248}</UniqueIdentifier>
    </Filter>
    <Filter Include="Header Files\utils">
      <UniqueIdentifier>{8fc7d516-f3c8-4e54-9813-c896db67bfd8}</UniqueIdentifier>
    </Filter>
    <Filter Include="Resource Files">
      <UniqueIdentifier>{67DA6AB6-F800-4c08-8B7A-83BB121AAD01}</UniqueIdentifier>
      <Extensions>rc;ico;cur;bmp;dlg;rc2;rct;bin;rgs;gif;jpg;jpeg;jpe;resx;tiff;tif;png;wav</Extensions>
    </Filter>
    <Filter Include="Source Files\utils">
      <UniqueIdentifier>{7c4e1be0-71c7-42c2-b7dd-0d4239d45bbf}</UniqueIdentifier>
    </Filter>
  </ItemGroup>
  <ItemGroup>
    <ClCompile Include="..\..\src\gl\fbo.cpp">
      <Filter>Source Files\gl</Filter>
    </ClCompile>
    <ClCompile Include="..\..\src\gl\GlutViewer.cpp">
      <Filter>Source Files\gl</Filter>
    </ClCompile>
    <ClCompile Include="..\..\src\gl\Mesh3D.cpp">
      <Filter>Source Files\gl</Filter>
    </ClCompile>
    <ClCompile Include="..\..\src\gl\shader.cpp">
      <Filter>Source Files\gl</Filter>
    </ClCompile>
    <ClCompile Include="..\..\src\gl\texture.cpp">
      <Filter>Source Files\gl</Filter>
    </ClCompile>
    <ClCompile Include="..\..\src\gl\TrackballViewer.cpp">
      <Filter>Source Files\gl</Filter>
    </ClCompile>
    <ClCompile Include="..\..\src\exercises\Water\main.cpp">
      <Filter>Source Files</Filter>
    </ClCompile>
    <ClCompile Include="..\..\src\exercises\Water\WaterRenderer.cpp">
      <Filter>Source Files</Filter>
    </ClCompile>
    <ClCompile Include="..\..\src\utils\EasyBMP.cpp">
      <Filter>Source Files\utils</Filter>
    </ClCompile>
  </ItemGroup>
  <ItemGroup>
    <ClInclude Include="..\..\src\gl\Camera3D.h">
      <Filter>Header Files\gl</Filter>
    </ClInclude>
    <ClInclude Include="..\..\src\gl\fbo.h">
      <Filter>Header Files\gl</Filter>
    </ClInclude>
    <ClInclude Include="..\..\src\gl\gl.h">
      <Filter>Header Files\gl</Filter>
    </ClInclude>
    <ClInclude Include="..\..\src\gl\GlutViewer.h">
      <Filter>Header Files\gl</Filter>
    </ClInclude>
    <ClInclude Include="..\..\src\gl\Light3D.h">
      <Filter>Header Files\gl</Filter>
    </ClInclude>
    <ClInclude Include="..\..\src\gl\Mesh3D.h">
      <Filter>Header Files\gl</Filter>
    </ClInclude>
    <ClInclude Include="..\..\src\gl\Object3D.h">
      <Filter>Header Files\gl</Filter>
    </ClInclude>
    <ClInclude Include="..\..\src\gl\shader.h">
      <Filter>Header Files\gl</Filter>
    </ClInclude>
    <ClInclude Include="..\..\src\gl\texture.h">
      <Filter>Header Files\gl</Filter>
    </ClInclude>
    <ClInclude Include="..\..\src\gl\TrackballViewer.h">
      <Filter>Header Files\gl</Filter>
    </ClInclude>
    <ClInclude Include="..\..\src\math\Matrix4.h">
      <Filter>Header Files\math</Filter>
    </ClInclude>
    <ClInclude Include="..\..\src\math\Vector2.h">
      <Filter>Header Files\math</Filter>
    </ClInclude>
    <ClInclude Include="..\..\src\math\Vector3.h">
      <Filter>Header Files\math</Filter>
    </ClInclude>
    <ClInclude Include="..\..\src\math\Vector4.h">
      <Filter>Header Files\math</Filter>
    </ClInclude>
    <ClInclude Include="..\..\src\utils\Mesh3DReader.h">
      <Filter>Header Files\utils</Filter>
    </ClInclude>
    <ClInclude Include="..\..\src\utils\StopWatch.h">
      <Filter>Header Files\utils</Filter>
    </ClInclude>
    <ClInclude Include="..\..\src\exercises\Water\WaterRenderer.h">
      <Filter>Header Files</Filter>
    </ClInclude>
    <ClInclude Include="..\..\src\utils\EasyBMP.h">
      <Filter>Header Files\utils</Filter>
    </ClInclude>
    <ClInclude Include="..\..\src\utils\EasyBMP_BMP.h">
      <Filter>Header Files\utils</Filter>
    </ClInclude>
    <ClInclude Include="..\..\src\utils\EasyBMP_DataStructures.h">
      <Filter>Header Files\utils</Filter>
    </ClInclude>
    <ClInclude Include="..\..\src\utils\EasyBMP_VariousBMPutilities.h">
      <Filter>Header Files\utils</Filter>
    </ClInclude>
  </ItemGroup>
  <ItemGroup>
    <None Include="..\..\src\exercises\Water\water.vs">
      <Filter>Source Files</Filter>
    </None>
    <None Include="..\..\src\exercises\Water\water.fs">
      <Filter>Source Files</Filter>
    </None>
    <None Include="..\..\src\exercises\Water\skybox.fs">
      <Filter>Source Files</Filter>
    </None>
    <None Include="..\..\src\exercises\Water\skybox.vs">
      <Filter>Source Files</Filter>
    </None>
  </ItemGroup>
</Project>